
Microsoft Visual Studio Solution File, Format Version 12.00
# Visual Studio 15
VisualStudioVersion = 15.0.26124.0
MinimumVisualStudioVersion = 15.0.26124.0
Project("{2150E333-8FDC-42A3-9474-1A3956D46DE8}") = "src", "src", "{181B8994-7C47-4141-802E-FBACE571F596}"
EndProject
Project("{FAE04EC0-301F-11D3-BF4B-00C04F79EFBC}") = "Contatos.Application", "src\Contatos.Application\Contatos.Application.csproj", "{433FC6BE-F0F0-4236-ACDA-BA8731DA147E}"
EndProject
Project("{FAE04EC0-301F-11D3-BF4B-00C04F79EFBC}") = "Contatos.Infra", "src\Contatos.Infra\Contatos.Infra.csproj", "{F7FBF6B2-F712-49E7-B4D0-DD2530B1BD57}"
EndProject
Project("{FAE04EC0-301F-11D3-BF4B-00C04F79EFBC}") = "Contatos.Web", "src\Contatos.Web\Contatos.Web.csproj", "{75ABD4BA-759A-4E47-83A1-A0B997170B38}"
EndProject
Project("{FAE04EC0-301F-11D3-BF4B-00C04F79EFBC}") = "Contatos.Domain", "src\Contatos.Domain\Contatos.Domain.csproj", "{37110926-E53B-4D5B-BBE4-050BDECF3136}"
EndProject
Global
	GlobalSection(SolutionConfigurationPlatforms) = preSolution
		Debug|Any CPU = Debug|Any CPU
		Debug|x64 = Debug|x64
		Debug|x86 = Debug|x86
		Release|Any CPU = Release|Any CPU
		Release|x64 = Release|x64
		Release|x86 = Release|x86
	EndGlobalSection
	GlobalSection(SolutionProperties) = preSolution
		HideSolutionNode = FALSE
	EndGlobalSection
	GlobalSection(ProjectConfigurationPlatforms) = postSolution
		{433FC6BE-F0F0-4236-ACDA-BA8731DA147E}.Debug|Any CPU.ActiveCfg = Debug|Any CPU
		{433FC6BE-F0F0-4236-ACDA-BA8731DA147E}.Debug|Any CPU.Build.0 = Debug|Any CPU
		{433FC6BE-F0F0-4236-ACDA-BA8731DA147E}.Debug|x64.ActiveCfg = Debug|Any CPU
		{433FC6BE-F0F0-4236-ACDA-BA8731DA147E}.Debug|x64.Build.0 = Debug|Any CPU
		{433FC6BE-F0F0-4236-ACDA-BA8731DA147E}.Debug|x86.ActiveCfg = Debug|Any CPU
		{433FC6BE-F0F0-4236-ACDA-BA8731DA147E}.Debug|x86.Build.0 = Debug|Any CPU
		{433FC6BE-F0F0-4236-ACDA-BA8731DA147E}.Release|Any CPU.ActiveCfg = Release|Any CPU
		{433FC6BE-F0F0-4236-ACDA-BA8731DA147E}.Release|Any CPU.Build.0 = Release|Any CPU
		{433FC6BE-F0F0-4236-ACDA-BA8731DA147E}.Release|x64.ActiveCfg = Release|Any CPU
		{433FC6BE-F0F0-4236-ACDA-BA8731DA147E}.Release|x64.Build.0 = Release|Any CPU
		{433FC6BE-F0F0-4236-ACDA-BA8731DA147E}.Release|x86.ActiveCfg = Release|Any CPU
		{433FC6BE-F0F0-4236-ACDA-BA8731DA147E}.Release|x86.Build.0 = Release|Any CPU
		{F7FBF6B2-F712-49E7-B4D0-DD2530B1BD57}.Debug|Any CPU.ActiveCfg = Debug|Any CPU
		{F7FBF6B2-F712-49E7-B4D0-DD2530B1BD57}.Debug|Any CPU.Build.0 = Debug|Any CPU
		{F7FBF6B2-F712-49E7-B4D0-DD2530B1BD57}.Debug|x64.ActiveCfg = Debug|Any CPU
		{F7FBF6B2-F712-49E7-B4D0-DD2530B1BD57}.Debug|x64.Build.0 = Debug|Any CPU
		{F7FBF6B2-F712-49E7-B4D0-DD2530B1BD57}.Debug|x86.ActiveCfg = Debug|Any CPU
		{F7FBF6B2-F712-49E7-B4D0-DD2530B1BD57}.Debug|x86.Build.0 = Debug|Any CPU
		{F7FBF6B2-F712-49E7-B4D0-DD2530B1BD57}.Release|Any CPU.ActiveCfg = Release|Any CPU
		{F7FBF6B2-F712-49E7-B4D0-DD2530B1BD57}.Release|Any CPU.Build.0 = Release|Any CPU
		{F7FBF6B2-F712-49E7-B4D0-DD2530B1BD57}.Release|x64.ActiveCfg = Release|Any CPU
		{F7FBF6B2-F712-49E7-B4D0-DD2530B1BD57}.Release|x64.Build.0 = Release|Any CPU
		{F7FBF6B2-F712-49E7-B4D0-DD2530B1BD57}.Release|x86.ActiveCfg = Release|Any CPU
		{F7FBF6B2-F712-49E7-B4D0-DD2530B1BD57}.Release|x86.Build.0 = Release|Any CPU
		{75ABD4BA-759A-4E47-83A1-A0B997170B38}.Debug|Any CPU.ActiveCfg = Debug|Any CPU
		{75ABD4BA-759A-4E47-83A1-A0B997170B38}.Debug|Any CPU.Build.0 = Debug|Any CPU
		{75ABD4BA-759A-4E47-83A1-A0B997170B38}.Debug|x64.ActiveCfg = Debug|Any CPU
		{75ABD4BA-759A-4E47-83A1-A0B997170B38}.Debug|x64.Build.0 = Debug|Any CPU
		{75ABD4BA-759A-4E47-83A1-A0B997170B38}.Debug|x86.ActiveCfg = Debug|Any CPU
		{75ABD4BA-759A-4E47-83A1-A0B997170B38}.Debug|x86.Build.0 = Debug|Any CPU
		{75ABD4BA-759A-4E47-83A1-A0B997170B38}.Release|Any CPU.ActiveCfg = Release|Any CPU
		{75ABD4BA-759A-4E47-83A1-A0B997170B38}.Release|Any CPU.Build.0 = Release|Any CPU
		{75ABD4BA-759A-4E47-83A1-A0B997170B38}.Release|x64.ActiveCfg = Release|Any CPU
		{75ABD4BA-759A-4E47-83A1-A0B997170B38}.Release|x64.Build.0 = Release|Any CPU
		{75ABD4BA-759A-4E47-83A1-A0B997170B38}.Release|x86.ActiveCfg = Release|Any CPU
		{75ABD4BA-759A-4E47-83A1-A0B997170B38}.Release|x86.Build.0 = Release|Any CPU
		{37110926-E53B-4D5B-BBE4-050BDECF3136}.Debug|Any CPU.ActiveCfg = Debug|Any CPU
		{37110926-E53B-4D5B-BBE4-050BDECF3136}.Debug|Any CPU.Build.0 = Debug|Any CPU
		{37110926-E53B-4D5B-BBE4-050BDECF3136}.Debug|x64.ActiveCfg = Debug|Any CPU
		{37110926-E53B-4D5B-BBE4-050BDECF3136}.Debug|x64.Build.0 = Debug|Any CPU
		{37110926-E53B-4D5B-BBE4-050BDECF3136}.Debug|x86.ActiveCfg = Debug|Any CPU
		{37110926-E53B-4D5B-BBE4-050BDECF3136}.Debug|x86.Build.0 = Debug|Any CPU
		{37110926-E53B-4D5B-BBE4-050BDECF3136}.Release|Any CPU.ActiveCfg = Release|Any CPU
		{37110926-E53B-4D5B-BBE4-050BDECF3136}.Release|Any CPU.Build.0 = Release|Any CPU
		{37110926-E53B-4D5B-BBE4-050BDECF3136}.Release|x64.ActiveCfg = Release|Any CPU
		{37110926-E53B-4D5B-BBE4-050BDECF3136}.Release|x64.Build.0 = Release|Any CPU
		{37110926-E53B-4D5B-BBE4-050BDECF3136}.Release|x86.ActiveCfg = Release|Any CPU
		{37110926-E53B-4D5B-BBE4-050BDECF3136}.Release|x86.Build.0 = Release|Any CPU
	EndGlobalSection
	GlobalSection(NestedProjects) = preSolution
		{433FC6BE-F0F0-4236-ACDA-BA8731DA147E} = {181B8994-7C47-4141-802E-FBACE571F596}
		{F7FBF6B2-F712-49E7-B4D0-DD2530B1BD57} = {181B8994-7C47-4141-802E-FBACE571F596}
		{75ABD4BA-759A-4E47-83A1-A0B997170B38} = {181B8994-7C47-4141-802E-FBACE571F596}
		{37110926-E53B-4D5B-BBE4-050BDECF3136} = {181B8994-7C47-4141-802E-FBACE571F596}
	EndGlobalSection
EndGlobal
